// !$*UTF8*$!
{
	archiveVersion = 1;
	classes = {
	};
	objectVersion = 46;
	objects = {

/* Begin PBXBuildFile section */
		C107EC2B1E1FBEB7008CDCDE /* libUCloudMediaPlayer.a in Frameworks */ = {isa = PBXBuildFile; fileRef = C107EC251E1FBEB7008CDCDE /* libUCloudMediaPlayer.a */; };
		E9208C861B8FFBA100B4CFF4 /* AudioToolbox.framework in Frameworks */ = {isa = PBXBuildFile; fileRef = E9208C851B8FFBA100B4CFF4 /* AudioToolbox.framework */; };
		E9271D241C3CACB4000DBADF /* PlayerManager.m in Sources */ = {isa = PBXBuildFile; fileRef = E9271CFC1C3CACB4000DBADF /* PlayerManager.m */; };
		E9271D251C3CACB4000DBADF /* bg_screen_shot_complete.png in Resources */ = {isa = PBXBuildFile; fileRef = E9271CFE1C3CACB4000DBADF /* bg_screen_shot_complete.png */; };
		E9271D261C3CACB4000DBADF /* bg_screen_shot_frame.png in Resources */ = {isa = PBXBuildFile; fileRef = E9271CFF1C3CACB4000DBADF /* bg_screen_shot_frame.png */; };
		E9271D271C3CACB4000DBADF /* bright_point.png in Resources */ = {isa = PBXBuildFile; fileRef = E9271D001C3CACB4000DBADF /* bright_point.png */; };
		E9271D281C3CACB4000DBADF /* brightness_bgiphone.png in Resources */ = {isa = PBXBuildFile; fileRef = E9271D011C3CACB4000DBADF /* brightness_bgiphone.png */; };
		E9271D291C3CACB4000DBADF /* brightness_bg~iphone@3x.png in Resources */ = {isa = PBXBuildFile; fileRef = E9271D021C3CACB4000DBADF /* brightness_bg~iphone@3x.png */; };
		E9271D2A1C3CACB4000DBADF /* danmu.png in Resources */ = {isa = PBXBuildFile; fileRef = E9271D031C3CACB4000DBADF /* danmu.png */; };
		E9271D2B1C3CACB4000DBADF /* danmu_h.png in Resources */ = {isa = PBXBuildFile; fileRef = E9271D041C3CACB4000DBADF /* danmu_h.png */; };
		E9271D2C1C3CACB4000DBADF /* ic_screen_shot.png in Resources */ = {isa = PBXBuildFile; fileRef = E9271D051C3CACB4000DBADF /* ic_screen_shot.png */; };
		E9271D2D1C3CACB4000DBADF /* icon_bottomview_brightness_button_normal.png in Resources */ = {isa = PBXBuildFile; fileRef = E9271D061C3CACB4000DBADF /* icon_bottomview_brightness_button_normal.png */; };
		E9271D2E1C3CACB4000DBADF /* icon_bottomview_brightness_button_selected.png in Resources */ = {isa = PBXBuildFile; fileRef = E9271D071C3CACB4000DBADF /* icon_bottomview_brightness_button_selected.png */; };
		E9271D2F1C3CACB4000DBADF /* icon_bottomview_pause_button_normal.png in Resources */ = {isa = PBXBuildFile; fileRef = E9271D081C3CACB4000DBADF /* icon_bottomview_pause_button_normal.png */; };
		E9271D301C3CACB4000DBADF /* icon_bottomview_play_button_normal.png in Resources */ = {isa = PBXBuildFile; fileRef = E9271D091C3CACB4000DBADF /* icon_bottomview_play_button_normal.png */; };
		E9271D311C3CACB4000DBADF /* icon_bottomview_volume_button_normal.png in Resources */ = {isa = PBXBuildFile; fileRef = E9271D0A1C3CACB4000DBADF /* icon_bottomview_volume_button_normal.png */; };
		E9271D321C3CACB4000DBADF /* icon_bottomview_volume_button_selected.png in Resources */ = {isa = PBXBuildFile; fileRef = E9271D0B1C3CACB4000DBADF /* icon_bottomview_volume_button_selected.png */; };
		E9271D331C3CACB4000DBADF /* icon_play_status.png in Resources */ = {isa = PBXBuildFile; fileRef = E9271D0C1C3CACB4000DBADF /* icon_play_status.png */; };
		E9271D341C3CACB4000DBADF /* icon_screen_shot_action.png in Resources */ = {isa = PBXBuildFile; fileRef = E9271D0D1C3CACB4000DBADF /* icon_screen_shot_action.png */; };
		E9271D351C3CACB4000DBADF /* icon_topview_left__button_selected.png in Resources */ = {isa = PBXBuildFile; fileRef = E9271D0E1C3CACB4000DBADF /* icon_topview_left__button_selected.png */; };
		E9271D361C3CACB4000DBADF /* icon_topview_left_button_normal.png in Resources */ = {isa = PBXBuildFile; fileRef = E9271D0F1C3CACB4000DBADF /* icon_topview_left_button_normal.png */; };
		E9271D371C3CACB4000DBADF /* icon_topview_right_button_normal.png in Resources */ = {isa = PBXBuildFile; fileRef = E9271D101C3CACB4000DBADF /* icon_topview_right_button_normal.png */; };
		E9271D381C3CACB4000DBADF /* icon_topview_right_button_selected.png in Resources */ = {isa = PBXBuildFile; fileRef = E9271D111C3CACB4000DBADF /* icon_topview_right_button_selected.png */; };
		E9271D391C3CACB4000DBADF /* loading.png in Resources */ = {isa = PBXBuildFile; fileRef = E9271D121C3CACB4000DBADF /* loading.png */; };
		E9271D3A1C3CACB4000DBADF /* UCloudBrightnessView.m in Sources */ = {isa = PBXBuildFile; fileRef = E9271D141C3CACB4000DBADF /* UCloudBrightnessView.m */; };
		E9271D3B1C3CACB4000DBADF /* UCloudLoadingView.m in Sources */ = {isa = PBXBuildFile; fileRef = E9271D171C3CACB4000DBADF /* UCloudLoadingView.m */; };
		E9271D3C1C3CACB4000DBADF /* UCloudMediaViewController.m in Sources */ = {isa = PBXBuildFile; fileRef = E9271D191C3CACB4000DBADF /* UCloudMediaViewController.m */; };
		E9271D3D1C3CACB4000DBADF /* UCloudMediaViewController.xib in Resources */ = {isa = PBXBuildFile; fileRef = E9271D1A1C3CACB4000DBADF /* UCloudMediaViewController.xib */; };
		E9271D3E1C3CACB4000DBADF /* UCloudProgressView.m in Sources */ = {isa = PBXBuildFile; fileRef = E9271D1C1C3CACB4000DBADF /* UCloudProgressView.m */; };
		E93331FB1E8E41DE0079791C /* JGProgressHUD Resources.bundle in Resources */ = {isa = PBXBuildFile; fileRef = E93331E31E8E41DE0079791C /* JGProgressHUD Resources.bundle */; };
		E93331FC1E8E41DE0079791C /* JGProgressHUD.m in Sources */ = {isa = PBXBuildFile; fileRef = E93331E61E8E41DE0079791C /* JGProgressHUD.m */; };
		E93331FD1E8E41DE0079791C /* JGProgressHUDAnimation.m in Sources */ = {isa = PBXBuildFile; fileRef = E93331E81E8E41DE0079791C /* JGProgressHUDAnimation.m */; };
		E93331FE1E8E41DE0079791C /* JGProgressHUDErrorIndicatorView.m in Sources */ = {isa = PBXBuildFile; fileRef = E93331EA1E8E41DE0079791C /* JGProgressHUDErrorIndicatorView.m */; };
		E93331FF1E8E41DE0079791C /* JGProgressHUDFadeAnimation.m in Sources */ = {isa = PBXBuildFile; fileRef = E93331EC1E8E41DE0079791C /* JGProgressHUDFadeAnimation.m */; };
		E93332001E8E41DE0079791C /* JGProgressHUDFadeZoomAnimation.m in Sources */ = {isa = PBXBuildFile; fileRef = E93331EE1E8E41DE0079791C /* JGProgressHUDFadeZoomAnimation.m */; };
		E93332011E8E41DE0079791C /* JGProgressHUDImageIndicatorView.m in Sources */ = {isa = PBXBuildFile; fileRef = E93331F01E8E41DE0079791C /* JGProgressHUDImageIndicatorView.m */; };
		E93332021E8E41DE0079791C /* JGProgressHUDIndeterminateIndicatorView.m in Sources */ = {isa = PBXBuildFile; fileRef = E93331F21E8E41DE0079791C /* JGProgressHUDIndeterminateIndicatorView.m */; };
		E93332031E8E41DE0079791C /* JGProgressHUDIndicatorView.m in Sources */ = {isa = PBXBuildFile; fileRef = E93331F41E8E41DE0079791C /* JGProgressHUDIndicatorView.m */; };
		E93332041E8E41DE0079791C /* JGProgressHUDPieIndicatorView.m in Sources */ = {isa = PBXBuildFile; fileRef = E93331F61E8E41DE0079791C /* JGProgressHUDPieIndicatorView.m */; };
		E93332051E8E41DE0079791C /* JGProgressHUDRingIndicatorView.m in Sources */ = {isa = PBXBuildFile; fileRef = E93331F81E8E41DE0079791C /* JGProgressHUDRingIndicatorView.m */; };
		E93332061E8E41DE0079791C /* JGProgressHUDSuccessIndicatorView.m in Sources */ = {isa = PBXBuildFile; fileRef = E93331FA1E8E41DE0079791C /* JGProgressHUDSuccessIndicatorView.m */; };
		E93332111E8E42120079791C /* UIWindow+YzdHUD.m in Sources */ = {isa = PBXBuildFile; fileRef = E93332081E8E42120079791C /* UIWindow+YzdHUD.m */; };
		E93332121E8E42120079791C /* YzdHUDBackgroundView.m in Sources */ = {isa = PBXBuildFile; fileRef = E933320A1E8E42120079791C /* YzdHUDBackgroundView.m */; };
		E93332131E8E42120079791C /* YzdHUDImageView.m in Sources */ = {isa = PBXBuildFile; fileRef = E933320C1E8E42120079791C /* YzdHUDImageView.m */; };
		E93332141E8E42120079791C /* YzdHUDIndicator.m in Sources */ = {isa = PBXBuildFile; fileRef = E933320E1E8E42120079791C /* YzdHUDIndicator.m */; };
		E93332151E8E42120079791C /* YzdHUDLabel.m in Sources */ = {isa = PBXBuildFile; fileRef = E93332101E8E42120079791C /* YzdHUDLabel.m */; };
		E95E590D1C04135500FB3102 /* libz.tbd in Frameworks */ = {isa = PBXBuildFile; fileRef = E95E590C1C04135500FB3102 /* libz.tbd */; };
		E97524DB1BE9DF040041AED1 /* VideoToolbox.framework in Frameworks */ = {isa = PBXBuildFile; fileRef = E97524D91BE9DEFD0041AED1 /* VideoToolbox.framework */; };
		E98710D41BAC22D500BF4EB8 /* AVFoundation.framework in Frameworks */ = {isa = PBXBuildFile; fileRef = E98710D21BAC22CD00BF4EB8 /* AVFoundation.framework */; };
		E9C02DB91B8F1B1F0020AE04 /* main.m in Sources */ = {isa = PBXBuildFile; fileRef = E9C02DB81B8F1B1F0020AE04 /* main.m */; };
		E9C02DBC1B8F1B1F0020AE04 /* AppDelegate.m in Sources */ = {isa = PBXBuildFile; fileRef = E9C02DBB1B8F1B1F0020AE04 /* AppDelegate.m */; };
		E9C02DBF1B8F1B1F0020AE04 /* ViewController.m in Sources */ = {isa = PBXBuildFile; fileRef = E9C02DBE1B8F1B1F0020AE04 /* ViewController.m */; };
		E9C02DC21B8F1B1F0020AE04 /* Main.storyboard in Resources */ = {isa = PBXBuildFile; fileRef = E9C02DC01B8F1B1F0020AE04 /* Main.storyboard */; };
		E9C02DC41B8F1B1F0020AE04 /* Images.xcassets in Resources */ = {isa = PBXBuildFile; fileRef = E9C02DC31B8F1B1F0020AE04 /* Images.xcassets */; };
		E9C02DC71B8F1B1F0020AE04 /* LaunchScreen.xib in Resources */ = {isa = PBXBuildFile; fileRef = E9C02DC51B8F1B1F0020AE04 /* LaunchScreen.xib */; };
		E9E58B1F1BAFAC9F00A93FC7 /* CoreMedia.framework in Frameworks */ = {isa = PBXBuildFile; fileRef = E9208C831B8FFB9100B4CFF4 /* CoreMedia.framework */; };
/* End PBXBuildFile section */

/* Begin PBXCopyFilesBuildPhase section */
		C107EA941E1F7B55008CDCDE /* Embed Frameworks */ = {
			isa = PBXCopyFilesBuildPhase;
			buildActionMask = 2147483647;
			dstPath = "";
			dstSubfolderSpec = 10;
			files = (
			);
			name = "Embed Frameworks";
			runOnlyForDeploymentPostprocessing = 0;
		};
/* End PBXCopyFilesBuildPhase section */

/* Begin PBXFileReference section */
		C107EC251E1FBEB7008CDCDE /* libUCloudMediaPlayer.a */ = {isa = PBXFileReference; lastKnownFileType = archive.ar; path = libUCloudMediaPlayer.a; sourceTree = "<group>"; };
		C107EC261E1FBEB7008CDCDE /* UCloudMediaModule.h */ = {isa = PBXFileReference; fileEncoding = 4; lastKnownFileType = sourcecode.c.h; path = UCloudMediaModule.h; sourceTree = "<group>"; };
		C107EC271E1FBEB7008CDCDE /* UCloudMediaPlayback.h */ = {isa = PBXFileReference; fileEncoding = 4; lastKnownFileType = sourcecode.c.h; path = UCloudMediaPlayback.h; sourceTree = "<group>"; };
		C107EC281E1FBEB7008CDCDE /* UCloudMediaPlayer.h */ = {isa = PBXFileReference; fileEncoding = 4; lastKnownFileType = sourcecode.c.h; path = UCloudMediaPlayer.h; sourceTree = "<group>"; };
		C107EC2A1E1FBEB7008CDCDE /* UCloudPlayback.h */ = {isa = PBXFileReference; fileEncoding = 4; lastKnownFileType = sourcecode.c.h; path = UCloudPlayback.h; sourceTree = "<group>"; };
		E9208C831B8FFB9100B4CFF4 /* CoreMedia.framework */ = {isa = PBXFileReference; lastKnownFileType = wrapper.framework; name = CoreMedia.framework; path = System/Library/Frameworks/CoreMedia.framework; sourceTree = SDKROOT; };
		E9208C851B8FFBA100B4CFF4 /* AudioToolbox.framework */ = {isa = PBXFileReference; lastKnownFileType = wrapper.framework; name = AudioToolbox.framework; path = System/Library/Frameworks/AudioToolbox.framework; sourceTree = SDKROOT; };
		E9271CFB1C3CACB4000DBADF /* PlayerManager.h */ = {isa = PBXFileReference; fileEncoding = 4; lastKnownFileType = sourcecode.c.h; path = PlayerManager.h; sourceTree = "<group>"; };
		E9271CFC1C3CACB4000DBADF /* PlayerManager.m */ = {isa = PBXFileReference; fileEncoding = 4; lastKnownFileType = sourcecode.c.objc; path = PlayerManager.m; sourceTree = "<group>"; };
		E9271CFE1C3CACB4000DBADF /* bg_screen_shot_complete.png */ = {isa = PBXFileReference; lastKnownFileType = image.png; path = bg_screen_shot_complete.png; sourceTree = "<group>"; };
		E9271CFF1C3CACB4000DBADF /* bg_screen_shot_frame.png */ = {isa = PBXFileReference; lastKnownFileType = image.png; path = bg_screen_shot_frame.png; sourceTree = "<group>"; };
		E9271D001C3CACB4000DBADF /* bright_point.png */ = {isa = PBXFileReference; lastKnownFileType = image.png; path = bright_point.png; sourceTree = "<group>"; };
		E9271D011C3CACB4000DBADF /* brightness_bgiphone.png */ = {isa = PBXFileReference; lastKnownFileType = image.png; path = brightness_bgiphone.png; sourceTree = "<group>"; };
		E9271D021C3CACB4000DBADF /* brightness_bg~iphone@3x.png */ = {isa = PBXFileReference; lastKnownFileType = image.png; path = "brightness_bg~iphone@3x.png"; sourceTree = "<group>"; };
		E9271D031C3CACB4000DBADF /* danmu.png */ = {isa = PBXFileReference; lastKnownFileType = image.png; path = danmu.png; sourceTree = "<group>"; };
		E9271D041C3CACB4000DBADF /* danmu_h.png */ = {isa = PBXFileReference; lastKnownFileType = image.png; path = danmu_h.png; sourceTree = "<group>"; };
		E9271D051C3CACB4000DBADF /* ic_screen_shot.png */ = {isa = PBXFileReference; lastKnownFileType = image.png; path = ic_screen_shot.png; sourceTree = "<group>"; };
		E9271D061C3CACB4000DBADF /* icon_bottomview_brightness_button_normal.png */ = {isa = PBXFileReference; lastKnownFileType = image.png; path = icon_bottomview_brightness_button_normal.png; sourceTree = "<group>"; };
		E9271D071C3CACB4000DBADF /* icon_bottomview_brightness_button_selected.png */ = {isa = PBXFileReference; lastKnownFileType = image.png; path = icon_bottomview_brightness_button_selected.png; sourceTree = "<group>"; };
		E9271D081C3CACB4000DBADF /* icon_bottomview_pause_button_normal.png */ = {isa = PBXFileReference; lastKnownFileType = image.png; path = icon_bottomview_pause_button_normal.png; sourceTree = "<group>"; };
		E9271D091C3CACB4000DBADF /* icon_bottomview_play_button_normal.png */ = {isa = PBXFileReference; lastKnownFileType = image.png; path = icon_bottomview_play_button_normal.png; sourceTree = "<group>"; };
		E9271D0A1C3CACB4000DBADF /* icon_bottomview_volume_button_normal.png */ = {isa = PBXFileReference; lastKnownFileType = image.png; path = icon_bottomview_volume_button_normal.png; sourceTree = "<group>"; };
		E9271D0B1C3CACB4000DBADF /* icon_bottomview_volume_button_selected.png */ = {isa = PBXFileReference; lastKnownFileType = image.png; path = icon_bottomview_volume_button_selected.png; sourceTree = "<group>"; };
		E9271D0C1C3CACB4000DBADF /* icon_play_status.png */ = {isa = PBXFileReference; lastKnownFileType = image.png; path = icon_play_status.png; sourceTree = "<group>"; };
		E9271D0D1C3CACB4000DBADF /* icon_screen_shot_action.png */ = {isa = PBXFileReference; lastKnownFileType = image.png; path = icon_screen_shot_action.png; sourceTree = "<group>"; };
		E9271D0E1C3CACB4000DBADF /* icon_topview_left__button_selected.png */ = {isa = PBXFileReference; lastKnownFileType = image.png; path = icon_topview_left__button_selected.png; sourceTree = "<group>"; };
		E9271D0F1C3CACB4000DBADF /* icon_topview_left_button_normal.png */ = {isa = PBXFileReference; lastKnownFileType = image.png; path = icon_topview_left_button_normal.png; sourceTree = "<group>"; };
		E9271D101C3CACB4000DBADF /* icon_topview_right_button_normal.png */ = {isa = PBXFileReference; lastKnownFileType = image.png; path = icon_topview_right_button_normal.png; sourceTree = "<group>"; };
		E9271D111C3CACB4000DBADF /* icon_topview_right_button_selected.png */ = {isa = PBXFileReference; lastKnownFileType = image.png; path = icon_topview_right_button_selected.png; sourceTree = "<group>"; };
		E9271D121C3CACB4000DBADF /* loading.png */ = {isa = PBXFileReference; lastKnownFileType = image.png; path = loading.png; sourceTree = "<group>"; };
		E9271D131C3CACB4000DBADF /* UCloudBrightnessView.h */ = {isa = PBXFileReference; fileEncoding = 4; lastKnownFileType = sourcecode.c.h; name = UCloudBrightnessView.h; path = ../UCloudBrightnessView.h; sourceTree = "<group>"; };
		E9271D141C3CACB4000DBADF /* UCloudBrightnessView.m */ = {isa = PBXFileReference; fileEncoding = 4; lastKnownFileType = sourcecode.c.objc; name = UCloudBrightnessView.m; path = ../UCloudBrightnessView.m; sourceTree = "<group>"; };
		E9271D161C3CACB4000DBADF /* UCloudLoadingView.h */ = {isa = PBXFileReference; fileEncoding = 4; lastKnownFileType = sourcecode.c.h; name = UCloudLoadingView.h; path = ../UCloudLoadingView.h; sourceTree = "<group>"; };
		E9271D171C3CACB4000DBADF /* UCloudLoadingView.m */ = {isa = PBXFileReference; fileEncoding = 4; lastKnownFileType = sourcecode.c.objc; name = UCloudLoadingView.m; path = ../UCloudLoadingView.m; sourceTree = "<group>"; };
		E9271D181C3CACB4000DBADF /* UCloudMediaViewController.h */ = {isa = PBXFileReference; fileEncoding = 4; lastKnownFileType = sourcecode.c.h; path = UCloudMediaViewController.h; sourceTree = "<group>"; };
		E9271D191C3CACB4000DBADF /* UCloudMediaViewController.m */ = {isa = PBXFileReference; fileEncoding = 4; lastKnownFileType = sourcecode.c.objc; path = UCloudMediaViewController.m; sourceTree = "<group>"; };
		E9271D1A1C3CACB4000DBADF /* UCloudMediaViewController.xib */ = {isa = PBXFileReference; fileEncoding = 4; lastKnownFileType = file.xib; path = UCloudMediaViewController.xib; sourceTree = "<group>"; };
		E9271D1B1C3CACB4000DBADF /* UCloudProgressView.h */ = {isa = PBXFileReference; fileEncoding = 4; lastKnownFileType = sourcecode.c.h; name = UCloudProgressView.h; path = ../UCloudProgressView.h; sourceTree = "<group>"; };
		E9271D1C1C3CACB4000DBADF /* UCloudProgressView.m */ = {isa = PBXFileReference; fileEncoding = 4; lastKnownFileType = sourcecode.c.objc; name = UCloudProgressView.m; path = ../UCloudProgressView.m; sourceTree = "<group>"; };
		E93331E31E8E41DE0079791C /* JGProgressHUD Resources.bundle */ = {isa = PBXFileReference; lastKnownFileType = "wrapper.plug-in"; path = "JGProgressHUD Resources.bundle"; sourceTree = "<group>"; };
		E93331E41E8E41DE0079791C /* JGProgressHUD-Defines.h */ = {isa = PBXFileReference; fileEncoding = 4; lastKnownFileType = sourcecode.c.h; path = "JGProgressHUD-Defines.h"; sourceTree = "<group>"; };
		E93331E51E8E41DE0079791C /* JGProgressHUD.h */ = {isa = PBXFileReference; fileEncoding = 4; lastKnownFileType = sourcecode.c.h; path = JGProgressHUD.h; sourceTree = "<group>"; };
		E93331E61E8E41DE0079791C /* JGProgressHUD.m */ = {isa = PBXFileReference; fileEncoding = 4; lastKnownFileType = sourcecode.c.objc; path = JGProgressHUD.m; sourceTree = "<group>"; };
		E93331E71E8E41DE0079791C /* JGProgressHUDAnimation.h */ = {isa = PBXFileReference; fileEncoding = 4; lastKnownFileType = sourcecode.c.h; path = JGProgressHUDAnimation.h; sourceTree = "<group>"; };
		E93331E81E8E41DE0079791C /* JGProgressHUDAnimation.m */ = {isa = PBXFileReference; fileEncoding = 4; lastKnownFileType = sourcecode.c.objc; path = JGProgressHUDAnimation.m; sourceTree = "<group>"; };
		E93331E91E8E41DE0079791C /* JGProgressHUDErrorIndicatorView.h */ = {isa = PBXFileReference; fileEncoding = 4; lastKnownFileType = sourcecode.c.h; path = JGProgressHUDErrorIndicatorView.h; sourceTree = "<group>"; };
		E93331EA1E8E41DE0079791C /* JGProgressHUDErrorIndicatorView.m */ = {isa = PBXFileReference; fileEncoding = 4; lastKnownFileType = sourcecode.c.objc; path = JGProgressHUDErrorIndicatorView.m; sourceTree = "<group>"; };
		E93331EB1E8E41DE0079791C /* JGProgressHUDFadeAnimation.h */ = {isa = PBXFileReference; fileEncoding = 4; lastKnownFileType = sourcecode.c.h; path = JGProgressHUDFadeAnimation.h; sourceTree = "<group>"; };
		E93331EC1E8E41DE0079791C /* JGProgressHUDFadeAnimation.m */ = {isa = PBXFileReference; fileEncoding = 4; lastKnownFileType = sourcecode.c.objc; path = JGProgressHUDFadeAnimation.m; sourceTree = "<group>"; };
		E93331ED1E8E41DE0079791C /* JGProgressHUDFadeZoomAnimation.h */ = {isa = PBXFileReference; fileEncoding = 4; lastKnownFileType = sourcecode.c.h; path = JGProgressHUDFadeZoomAnimation.h; sourceTree = "<group>"; };
		E93331EE1E8E41DE0079791C /* JGProgressHUDFadeZoomAnimation.m */ = {isa = PBXFileReference; fileEncoding = 4; lastKnownFileType = sourcecode.c.objc; path = JGProgressHUDFadeZoomAnimation.m; sourceTree = "<group>"; };
		E93331EF1E8E41DE0079791C /* JGProgressHUDImageIndicatorView.h */ = {isa = PBXFileReference; fileEncoding = 4; lastKnownFileType = sourcecode.c.h; path = JGProgressHUDImageIndicatorView.h; sourceTree = "<group>"; };
		E93331F01E8E41DE0079791C /* JGProgressHUDImageIndicatorView.m */ = {isa = PBXFileReference; fileEncoding = 4; lastKnownFileType = sourcecode.c.objc; path = JGProgressHUDImageIndicatorView.m; sourceTree = "<group>"; };
		E93331F11E8E41DE0079791C /* JGProgressHUDIndeterminateIndicatorView.h */ = {isa = PBXFileReference; fileEncoding = 4; lastKnownFileType = sourcecode.c.h; path = JGProgressHUDIndeterminateIndicatorView.h; sourceTree = "<group>"; };
		E93331F21E8E41DE0079791C /* JGProgressHUDIndeterminateIndicatorView.m */ = {isa = PBXFileReference; fileEncoding = 4; lastKnownFileType = sourcecode.c.objc; path = JGProgressHUDIndeterminateIndicatorView.m; sourceTree = "<group>"; };
		E93331F31E8E41DE0079791C /* JGProgressHUDIndicatorView.h */ = {isa = PBXFileReference; fileEncoding = 4; lastKnownFileType = sourcecode.c.h; path = JGProgressHUDIndicatorView.h; sourceTree = "<group>"; };
		E93331F41E8E41DE0079791C /* JGProgressHUDIndicatorView.m */ = {isa = PBXFileReference; fileEncoding = 4; lastKnownFileType = sourcecode.c.objc; path = JGProgressHUDIndicatorView.m; sourceTree = "<group>"; };
		E93331F51E8E41DE0079791C /* JGProgressHUDPieIndicatorView.h */ = {isa = PBXFileReference; fileEncoding = 4; lastKnownFileType = sourcecode.c.h; path = JGProgressHUDPieIndicatorView.h; sourceTree = "<group>"; };
		E93331F61E8E41DE0079791C /* JGProgressHUDPieIndicatorView.m */ = {isa = PBXFileReference; fileEncoding = 4; lastKnownFileType = sourcecode.c.objc; path = JGProgressHUDPieIndicatorView.m; sourceTree = "<group>"; };
		E93331F71E8E41DE0079791C /* JGProgressHUDRingIndicatorView.h */ = {isa = PBXFileReference; fileEncoding = 4; lastKnownFileType = sourcecode.c.h; path = JGProgressHUDRingIndicatorView.h; sourceTree = "<group>"; };
		E93331F81E8E41DE0079791C /* JGProgressHUDRingIndicatorView.m */ = {isa = PBXFileReference; fileEncoding = 4; lastKnownFileType = sourcecode.c.objc; path = JGProgressHUDRingIndicatorView.m; sourceTree = "<group>"; };
		E93331F91E8E41DE0079791C /* JGProgressHUDSuccessIndicatorView.h */ = {isa = PBXFileReference; fileEncoding = 4; lastKnownFileType = sourcecode.c.h; path = JGProgressHUDSuccessIndicatorView.h; sourceTree = "<group>"; };
		E93331FA1E8E41DE0079791C /* JGProgressHUDSuccessIndicatorView.m */ = {isa = PBXFileReference; fileEncoding = 4; lastKnownFileType = sourcecode.c.objc; path = JGProgressHUDSuccessIndicatorView.m; sourceTree = "<group>"; };
		E93332071E8E42120079791C /* UIWindow+YzdHUD.h */ = {isa = PBXFileReference; fileEncoding = 4; lastKnownFileType = sourcecode.c.h; path = "UIWindow+YzdHUD.h"; sourceTree = "<group>"; };
		E93332081E8E42120079791C /* UIWindow+YzdHUD.m */ = {isa = PBXFileReference; fileEncoding = 4; lastKnownFileType = sourcecode.c.objc; path = "UIWindow+YzdHUD.m"; sourceTree = "<group>"; };
		E93332091E8E42120079791C /* YzdHUDBackgroundView.h */ = {isa = PBXFileReference; fileEncoding = 4; lastKnownFileType = sourcecode.c.h; path = YzdHUDBackgroundView.h; sourceTree = "<group>"; };
		E933320A1E8E42120079791C /* YzdHUDBackgroundView.m */ = {isa = PBXFileReference; fileEncoding = 4; lastKnownFileType = sourcecode.c.objc; path = YzdHUDBackgroundView.m; sourceTree = "<group>"; };
		E933320B1E8E42120079791C /* YzdHUDImageView.h */ = {isa = PBXFileReference; fileEncoding = 4; lastKnownFileType = sourcecode.c.h; path = YzdHUDImageView.h; sourceTree = "<group>"; };
		E933320C1E8E42120079791C /* YzdHUDImageView.m */ = {isa = PBXFileReference; fileEncoding = 4; lastKnownFileType = sourcecode.c.objc; path = YzdHUDImageView.m; sourceTree = "<group>"; };
		E933320D1E8E42120079791C /* YzdHUDIndicator.h */ = {isa = PBXFileReference; fileEncoding = 4; lastKnownFileType = sourcecode.c.h; path = YzdHUDIndicator.h; sourceTree = "<group>"; };
		E933320E1E8E42120079791C /* YzdHUDIndicator.m */ = {isa = PBXFileReference; fileEncoding = 4; lastKnownFileType = sourcecode.c.objc; path = YzdHUDIndicator.m; sourceTree = "<group>"; };
		E933320F1E8E42120079791C /* YzdHUDLabel.h */ = {isa = PBXFileReference; fileEncoding = 4; lastKnownFileType = sourcecode.c.h; path = YzdHUDLabel.h; sourceTree = "<group>"; };
		E93332101E8E42120079791C /* YzdHUDLabel.m */ = {isa = PBXFileReference; fileEncoding = 4; lastKnownFileType = sourcecode.c.objc; path = YzdHUDLabel.m; sourceTree = "<group>"; };
		E95E590C1C04135500FB3102 /* libz.tbd */ = {isa = PBXFileReference; lastKnownFileType = "sourcecode.text-based-dylib-definition"; name = libz.tbd; path = usr/lib/libz.tbd; sourceTree = SDKROOT; };
		E97524D91BE9DEFD0041AED1 /* VideoToolbox.framework */ = {isa = PBXFileReference; lastKnownFileType = wrapper.framework; name = VideoToolbox.framework; path = System/Library/Frameworks/VideoToolbox.framework; sourceTree = SDKROOT; };
		E98710D21BAC22CD00BF4EB8 /* AVFoundation.framework */ = {isa = PBXFileReference; lastKnownFileType = wrapper.framework; name = AVFoundation.framework; path = System/Library/Frameworks/AVFoundation.framework; sourceTree = SDKROOT; };
		E9C02DB31B8F1B1F0020AE04 /* UCloudDemo.app */ = {isa = PBXFileReference; explicitFileType = wrapper.application; includeInIndex = 0; path = UCloudDemo.app; sourceTree = BUILT_PRODUCTS_DIR; };
		E9C02DB71B8F1B1F0020AE04 /* Info.plist */ = {isa = PBXFileReference; lastKnownFileType = text.plist.xml; path = Info.plist; sourceTree = "<group>"; };
		E9C02DB81B8F1B1F0020AE04 /* main.m */ = {isa = PBXFileReference; lastKnownFileType = sourcecode.c.objc; path = main.m; sourceTree = "<group>"; };
		E9C02DBA1B8F1B1F0020AE04 /* AppDelegate.h */ = {isa = PBXFileReference; lastKnownFileType = sourcecode.c.h; path = AppDelegate.h; sourceTree = "<group>"; };
		E9C02DBB1B8F1B1F0020AE04 /* AppDelegate.m */ = {isa = PBXFileReference; lastKnownFileType = sourcecode.c.objc; path = AppDelegate.m; sourceTree = "<group>"; };
		E9C02DBD1B8F1B1F0020AE04 /* ViewController.h */ = {isa = PBXFileReference; lastKnownFileType = sourcecode.c.h; path = ViewController.h; sourceTree = "<group>"; };
		E9C02DBE1B8F1B1F0020AE04 /* ViewController.m */ = {isa = PBXFileReference; lastKnownFileType = sourcecode.c.objc; path = ViewController.m; sourceTree = "<group>"; };
		E9C02DC11B8F1B1F0020AE04 /* Base */ = {isa = PBXFileReference; lastKnownFileType = file.storyboard; name = Base; path = Base.lproj/Main.storyboard; sourceTree = "<group>"; };
		E9C02DC31B8F1B1F0020AE04 /* Images.xcassets */ = {isa = PBXFileReference; lastKnownFileType = folder.assetcatalog; path = Images.xcassets; sourceTree = "<group>"; };
		E9C02DC61B8F1B1F0020AE04 /* Base */ = {isa = PBXFileReference; lastKnownFileType = file.xib; name = Base; path = Base.lproj/LaunchScreen.xib; sourceTree = "<group>"; };
		E9C02DD11B8F1B1F0020AE04 /* Info.plist */ = {isa = PBXFileReference; lastKnownFileType = text.plist.xml; path = Info.plist; sourceTree = "<group>"; };
		E9C02DD21B8F1B1F0020AE04 /* UCloudDemoTests.m */ = {isa = PBXFileReference; lastKnownFileType = sourcecode.c.objc; path = UCloudDemoTests.m; sourceTree = "<group>"; };
/* End PBXFileReference section */

/* Begin PBXFrameworksBuildPhase section */
		E9C02DB01B8F1B1F0020AE04 /* Frameworks */ = {
			isa = PBXFrameworksBuildPhase;
			buildActionMask = 2147483647;
			files = (
				E95E590D1C04135500FB3102 /* libz.tbd in Frameworks */,
				E9E58B1F1BAFAC9F00A93FC7 /* CoreMedia.framework in Frameworks */,
				E97524DB1BE9DF040041AED1 /* VideoToolbox.framework in Frameworks */,
				E98710D41BAC22D500BF4EB8 /* AVFoundation.framework in Frameworks */,
				E9208C861B8FFBA100B4CFF4 /* AudioToolbox.framework in Frameworks */,
				C107EC2B1E1FBEB7008CDCDE /* libUCloudMediaPlayer.a in Frameworks */,
			);
			runOnlyForDeploymentPostprocessing = 0;
		};
/* End PBXFrameworksBuildPhase section */

/* Begin PBXGroup section */
		E9271CE51C3CACB4000DBADF /* lib */ = {
			isa = PBXGroup;
			children = (
				E9271CE61C3CACB4000DBADF /* Player */,
			);
			name = lib;
			path = ../../lib;
			sourceTree = "<group>";
		};
		E9271CE61C3CACB4000DBADF /* Player */ = {
			isa = PBXGroup;
			children = (
				C107EC251E1FBEB7008CDCDE /* libUCloudMediaPlayer.a */,
				C107EC261E1FBEB7008CDCDE /* UCloudMediaModule.h */,
				C107EC271E1FBEB7008CDCDE /* UCloudMediaPlayback.h */,
				C107EC281E1FBEB7008CDCDE /* UCloudMediaPlayer.h */,
				C107EC2A1E1FBEB7008CDCDE /* UCloudPlayback.h */,
			);
			path = Player;
			sourceTree = "<group>";
		};
		E9271CEF1C3CACB4000DBADF /* PlayerUI */ = {
			isa = PBXGroup;
			children = (
				E9271CFB1C3CACB4000DBADF /* PlayerManager.h */,
				E9271CFC1C3CACB4000DBADF /* PlayerManager.m */,
				E9271D181C3CACB4000DBADF /* UCloudMediaViewController.h */,
				E9271D191C3CACB4000DBADF /* UCloudMediaViewController.m */,
				E9271D1A1C3CACB4000DBADF /* UCloudMediaViewController.xib */,
				E9271CF01C3CACB4000DBADF /* Class */,
				E9271CFD1C3CACB4000DBADF /* Resources */,
			);
			name = PlayerUI;
			path = ../../PlayerUI;
			sourceTree = "<group>";
		};
		E9271CF01C3CACB4000DBADF /* Class */ = {
			isa = PBXGroup;
			children = (
				E93332161E8E42170079791C /* YzdHUD */,
				E93331E21E8E41DE0079791C /* JGProgressHUD */,
				E9271D131C3CACB4000DBADF /* UCloudBrightnessView.h */,
				E9271D141C3CACB4000DBADF /* UCloudBrightnessView.m */,
				E9271D161C3CACB4000DBADF /* UCloudLoadingView.h */,
				E9271D171C3CACB4000DBADF /* UCloudLoadingView.m */,
				E9271D1B1C3CACB4000DBADF /* UCloudProgressView.h */,
				E9271D1C1C3CACB4000DBADF /* UCloudProgressView.m */,
			);
			path = Class;
			sourceTree = "<group>";
		};
		E9271CFD1C3CACB4000DBADF /* Resources */ = {
			isa = PBXGroup;
			children = (
				E9271CFE1C3CACB4000DBADF /* bg_screen_shot_complete.png */,
				E9271CFF1C3CACB4000DBADF /* bg_screen_shot_frame.png */,
				E9271D001C3CACB4000DBADF /* bright_point.png */,
				E9271D011C3CACB4000DBADF /* brightness_bgiphone.png */,
				E9271D021C3CACB4000DBADF /* brightness_bg~iphone@3x.png */,
				E9271D031C3CACB4000DBADF /* danmu.png */,
				E9271D041C3CACB4000DBADF /* danmu_h.png */,
				E9271D051C3CACB4000DBADF /* ic_screen_shot.png */,
				E9271D061C3CACB4000DBADF /* icon_bottomview_brightness_button_normal.png */,
				E9271D071C3CACB4000DBADF /* icon_bottomview_brightness_button_selected.png */,
				E9271D081C3CACB4000DBADF /* icon_bottomview_pause_button_normal.png */,
				E9271D091C3CACB4000DBADF /* icon_bottomview_play_button_normal.png */,
				E9271D0A1C3CACB4000DBADF /* icon_bottomview_volume_button_normal.png */,
				E9271D0B1C3CACB4000DBADF /* icon_bottomview_volume_button_selected.png */,
				E9271D0C1C3CACB4000DBADF /* icon_play_status.png */,
				E9271D0D1C3CACB4000DBADF /* icon_screen_shot_action.png */,
				E9271D0E1C3CACB4000DBADF /* icon_topview_left__button_selected.png */,
				E9271D0F1C3CACB4000DBADF /* icon_topview_left_button_normal.png */,
				E9271D101C3CACB4000DBADF /* icon_topview_right_button_normal.png */,
				E9271D111C3CACB4000DBADF /* icon_topview_right_button_selected.png */,
				E9271D121C3CACB4000DBADF /* loading.png */,
			);
			name = Resources;
			path = Resuce;
			sourceTree = "<group>";
		};
		E93331E21E8E41DE0079791C /* JGProgressHUD */ = {
			isa = PBXGroup;
			children = (
				E93331E31E8E41DE0079791C /* JGProgressHUD Resources.bundle */,
				E93331E41E8E41DE0079791C /* JGProgressHUD-Defines.h */,
				E93331E51E8E41DE0079791C /* JGProgressHUD.h */,
				E93331E61E8E41DE0079791C /* JGProgressHUD.m */,
				E93331E71E8E41DE0079791C /* JGProgressHUDAnimation.h */,
				E93331E81E8E41DE0079791C /* JGProgressHUDAnimation.m */,
				E93331E91E8E41DE0079791C /* JGProgressHUDErrorIndicatorView.h */,
				E93331EA1E8E41DE0079791C /* JGProgressHUDErrorIndicatorView.m */,
				E93331EB1E8E41DE0079791C /* JGProgressHUDFadeAnimation.h */,
				E93331EC1E8E41DE0079791C /* JGProgressHUDFadeAnimation.m */,
				E93331ED1E8E41DE0079791C /* JGProgressHUDFadeZoomAnimation.h */,
				E93331EE1E8E41DE0079791C /* JGProgressHUDFadeZoomAnimation.m */,
				E93331EF1E8E41DE0079791C /* JGProgressHUDImageIndicatorView.h */,
				E93331F01E8E41DE0079791C /* JGProgressHUDImageIndicatorView.m */,
				E93331F11E8E41DE0079791C /* JGProgressHUDIndeterminateIndicatorView.h */,
				E93331F21E8E41DE0079791C /* JGProgressHUDIndeterminateIndicatorView.m */,
				E93331F31E8E41DE0079791C /* JGProgressHUDIndicatorView.h */,
				E93331F41E8E41DE0079791C /* JGProgressHUDIndicatorView.m */,
				E93331F51E8E41DE0079791C /* JGProgressHUDPieIndicatorView.h */,
				E93331F61E8E41DE0079791C /* JGProgressHUDPieIndicatorView.m */,
				E93331F71E8E41DE0079791C /* JGProgressHUDRingIndicatorView.h */,
				E93331F81E8E41DE0079791C /* JGProgressHUDRingIndicatorView.m */,
				E93331F91E8E41DE0079791C /* JGProgressHUDSuccessIndicatorView.h */,
				E93331FA1E8E41DE0079791C /* JGProgressHUDSuccessIndicatorView.m */,
			);
			path = JGProgressHUD;
			sourceTree = "<group>";
		};
		E93332161E8E42170079791C /* YzdHUD */ = {
			isa = PBXGroup;
			children = (
				E93332071E8E42120079791C /* UIWindow+YzdHUD.h */,
				E93332081E8E42120079791C /* UIWindow+YzdHUD.m */,
				E93332091E8E42120079791C /* YzdHUDBackgroundView.h */,
				E933320A1E8E42120079791C /* YzdHUDBackgroundView.m */,
				E933320B1E8E42120079791C /* YzdHUDImageView.h */,
				E933320C1E8E42120079791C /* YzdHUDImageView.m */,
				E933320D1E8E42120079791C /* YzdHUDIndicator.h */,
				E933320E1E8E42120079791C /* YzdHUDIndicator.m */,
				E933320F1E8E42120079791C /* YzdHUDLabel.h */,
				E93332101E8E42120079791C /* YzdHUDLabel.m */,
			);
			name = YzdHUD;
			sourceTree = "<group>";
		};
		E9C02DAA1B8F1B1F0020AE04 = {
			isa = PBXGroup;
			children = (
				E9C02DB51B8F1B1F0020AE04 /* UCloudDemo */,
				E9C02DCF1B8F1B1F0020AE04 /* UCloudDemoTests */,
				E9DD43B81BAA734E005B2ADC /* FrameWorks */,
				E9C02DB41B8F1B1F0020AE04 /* Products */,
			);
			sourceTree = "<group>";
		};
		E9C02DB41B8F1B1F0020AE04 /* Products */ = {
			isa = PBXGroup;
			children = (
				E9C02DB31B8F1B1F0020AE04 /* UCloudDemo.app */,
			);
			name = Products;
			sourceTree = "<group>";
		};
		E9C02DB51B8F1B1F0020AE04 /* UCloudDemo */ = {
			isa = PBXGroup;
			children = (
				E9C02DBA1B8F1B1F0020AE04 /* AppDelegate.h */,
				E9C02DBB1B8F1B1F0020AE04 /* AppDelegate.m */,
				E9271CE51C3CACB4000DBADF /* lib */,
				E9271CEF1C3CACB4000DBADF /* PlayerUI */,
				E9C02DBD1B8F1B1F0020AE04 /* ViewController.h */,
				E9C02DBE1B8F1B1F0020AE04 /* ViewController.m */,
				E9C02DC01B8F1B1F0020AE04 /* Main.storyboard */,
				E9C02DC31B8F1B1F0020AE04 /* Images.xcassets */,
				E9C02DC51B8F1B1F0020AE04 /* LaunchScreen.xib */,
				E9C02DB61B8F1B1F0020AE04 /* Supporting Files */,
			);
			path = UCloudDemo;
			sourceTree = "<group>";
		};
		E9C02DB61B8F1B1F0020AE04 /* Supporting Files */ = {
			isa = PBXGroup;
			children = (
				E9C02DB71B8F1B1F0020AE04 /* Info.plist */,
				E9C02DB81B8F1B1F0020AE04 /* main.m */,
			);
			name = "Supporting Files";
			sourceTree = "<group>";
		};
		E9C02DCF1B8F1B1F0020AE04 /* UCloudDemoTests */ = {
			isa = PBXGroup;
			children = (
				E9C02DD21B8F1B1F0020AE04 /* UCloudDemoTests.m */,
				E9C02DD01B8F1B1F0020AE04 /* Supporting Files */,
			);
			path = UCloudDemoTests;
			sourceTree = "<group>";
		};
		E9C02DD01B8F1B1F0020AE04 /* Supporting Files */ = {
			isa = PBXGroup;
			children = (
				E9C02DD11B8F1B1F0020AE04 /* Info.plist */,
			);
			name = "Supporting Files";
			sourceTree = "<group>";
		};
		E9DD43B81BAA734E005B2ADC /* FrameWorks */ = {
			isa = PBXGroup;
			children = (
				E95E590C1C04135500FB3102 /* libz.tbd */,
				E97524D91BE9DEFD0041AED1 /* VideoToolbox.framework */,
				E9208C831B8FFB9100B4CFF4 /* CoreMedia.framework */,
				E98710D21BAC22CD00BF4EB8 /* AVFoundation.framework */,
				E9208C851B8FFBA100B4CFF4 /* AudioToolbox.framework */,
			);
			name = FrameWorks;
			sourceTree = "<group>";
		};
/* End PBXGroup section */

/* Begin PBXNativeTarget section */
		E9C02DB21B8F1B1F0020AE04 /* UCloudDemo */ = {
			isa = PBXNativeTarget;
			buildConfigurationList = E9C02DD61B8F1B1F0020AE04 /* Build configuration list for PBXNativeTarget "UCloudDemo" */;
			buildPhases = (
				E9C02DAF1B8F1B1F0020AE04 /* Sources */,
				E9C02DB01B8F1B1F0020AE04 /* Frameworks */,
				E9C02DB11B8F1B1F0020AE04 /* Resources */,
				C107EA941E1F7B55008CDCDE /* Embed Frameworks */,
			);
			buildRules = (
			);
			dependencies = (
			);
			name = UCloudDemo;
			productName = UCloudDemo;
			productReference = E9C02DB31B8F1B1F0020AE04 /* UCloudDemo.app */;
			productType = "com.apple.product-type.application";
		};
/* End PBXNativeTarget section */

/* Begin PBXProject section */
		E9C02DAB1B8F1B1F0020AE04 /* Project object */ = {
			isa = PBXProject;
			attributes = {
				LastUpgradeCheck = 0640;
				ORGANIZATIONNAME = UCloud;
				TargetAttributes = {
					E9C02DB21B8F1B1F0020AE04 = {
						CreatedOnToolsVersion = 6.4;
						DevelopmentTeam = CFP9KY4MGC;
					};
				};
			};
			buildConfigurationList = E9C02DAE1B8F1B1F0020AE04 /* Build configuration list for PBXProject "UCloudDemo" */;
			compatibilityVersion = "Xcode 3.2";
			developmentRegion = English;
			hasScannedForEncodings = 0;
			knownRegions = (
				en,
				Base,
			);
			mainGroup = E9C02DAA1B8F1B1F0020AE04;
			productRefGroup = E9C02DB41B8F1B1F0020AE04 /* Products */;
			projectDirPath = "";
			projectRoot = "";
			targets = (
				E9C02DB21B8F1B1F0020AE04 /* UCloudDemo */,
			);
		};
/* End PBXProject section */

/* Begin PBXResourcesBuildPhase section */
		E9C02DB11B8F1B1F0020AE04 /* Resources */ = {
			isa = PBXResourcesBuildPhase;
			buildActionMask = 2147483647;
			files = (
				E9271D291C3CACB4000DBADF /* brightness_bg~iphone@3x.png in Resources */,
				E9271D251C3CACB4000DBADF /* bg_screen_shot_complete.png in Resources */,
				E9271D2A1C3CACB4000DBADF /* danmu.png in Resources */,
				E9C02DC21B8F1B1F0020AE04 /* Main.storyboard in Resources */,
				E9271D2F1C3CACB4000DBADF /* icon_bottomview_pause_button_normal.png in Resources */,
				E9C02DC71B8F1B1F0020AE04 /* LaunchScreen.xib in Resources */,
				E9271D381C3CACB4000DBADF /* icon_topview_right_button_selected.png in Resources */,
				E9271D271C3CACB4000DBADF /* bright_point.png in Resources */,
				E9271D3D1C3CACB4000DBADF /* UCloudMediaViewController.xib in Resources */,
				E9271D341C3CACB4000DBADF /* icon_screen_shot_action.png in Resources */,
				E9271D361C3CACB4000DBADF /* icon_topview_left_button_normal.png in Resources */,
				E9271D2B1C3CACB4000DBADF /* danmu_h.png in Resources */,
				E93331FB1E8E41DE0079791C /* JGProgressHUD Resources.bundle in Resources */,
				E9271D331C3CACB4000DBADF /* icon_play_status.png in Resources */,
				E9271D301C3CACB4000DBADF /* icon_bottomview_play_button_normal.png in Resources */,
				E9271D261C3CACB4000DBADF /* bg_screen_shot_frame.png in Resources */,
				E9271D351C3CACB4000DBADF /* icon_topview_left__button_selected.png in Resources */,
				E9271D2C1C3CACB4000DBADF /* ic_screen_shot.png in Resources */,
				E9271D311C3CACB4000DBADF /* icon_bottomview_volume_button_normal.png in Resources */,
				E9271D371C3CACB4000DBADF /* icon_topview_right_button_normal.png in Resources */,
				E9271D321C3CACB4000DBADF /* icon_bottomview_volume_button_selected.png in Resources */,
				E9271D391C3CACB4000DBADF /* loading.png in Resources */,
				E9271D2D1C3CACB4000DBADF /* icon_bottomview_brightness_button_normal.png in Resources */,
				E9271D281C3CACB4000DBADF /* brightness_bgiphone.png in Resources */,
				E9271D2E1C3CACB4000DBADF /* icon_bottomview_brightness_button_selected.png in Resources */,
				E9C02DC41B8F1B1F0020AE04 /* Images.xcassets in Resources */,
			);
			runOnlyForDeploymentPostprocessing = 0;
		};
/* End PBXResourcesBuildPhase section */

/* Begin PBXSourcesBuildPhase section */
		E9C02DAF1B8F1B1F0020AE04 /* Sources */ = {
			isa = PBXSourcesBuildPhase;
			buildActionMask = 2147483647;
			files = (
				E9271D3C1C3CACB4000DBADF /* UCloudMediaViewController.m in Sources */,
				E9271D3B1C3CACB4000DBADF /* UCloudLoadingView.m in Sources */,
				E93332131E8E42120079791C /* YzdHUDImageView.m in Sources */,
				E93332011E8E41DE0079791C /* JGProgressHUDImageIndicatorView.m in Sources */,
				E93332001E8E41DE0079791C /* JGProgressHUDFadeZoomAnimation.m in Sources */,
				E93331FF1E8E41DE0079791C /* JGProgressHUDFadeAnimation.m in Sources */,
				E93332061E8E41DE0079791C /* JGProgressHUDSuccessIndicatorView.m in Sources */,
				E9C02DBF1B8F1B1F0020AE04 /* ViewController.m in Sources */,
				E93332031E8E41DE0079791C /* JGProgressHUDIndicatorView.m in Sources */,
				E93331FC1E8E41DE0079791C /* JGProgressHUD.m in Sources */,
				E93332041E8E41DE0079791C /* JGProgressHUDPieIndicatorView.m in Sources */,
				E9271D3A1C3CACB4000DBADF /* UCloudBrightnessView.m in Sources */,
				E93332051E8E41DE0079791C /* JGProgressHUDRingIndicatorView.m in Sources */,
				E93332141E8E42120079791C /* YzdHUDIndicator.m in Sources */,
				E93332021E8E41DE0079791C /* JGProgressHUDIndeterminateIndicatorView.m in Sources */,
				E9271D241C3CACB4000DBADF /* PlayerManager.m in Sources */,
				E93332151E8E42120079791C /* YzdHUDLabel.m in Sources */,
				E9C02DBC1B8F1B1F0020AE04 /* AppDelegate.m in Sources */,
				E93332121E8E42120079791C /* YzdHUDBackgroundView.m in Sources */,
				E93331FE1E8E41DE0079791C /* JGProgressHUDErrorIndicatorView.m in Sources */,
				E9C02DB91B8F1B1F0020AE04 /* main.m in Sources */,
				E93332111E8E42120079791C /* UIWindow+YzdHUD.m in Sources */,
				E93331FD1E8E41DE0079791C /* JGProgressHUDAnimation.m in Sources */,
				E9271D3E1C3CACB4000DBADF /* UCloudProgressView.m in Sources */,
			);
			runOnlyForDeploymentPostprocessing = 0;
		};
/* End PBXSourcesBuildPhase section */

/* Begin PBXVariantGroup section */
		E9C02DC01B8F1B1F0020AE04 /* Main.storyboard */ = {
			isa = PBXVariantGroup;
			children = (
				E9C02DC11B8F1B1F0020AE04 /* Base */,
			);
			name = Main.storyboard;
			sourceTree = "<group>";
		};
		E9C02DC51B8F1B1F0020AE04 /* LaunchScreen.xib */ = {
			isa = PBXVariantGroup;
			children = (
				E9C02DC61B8F1B1F0020AE04 /* Base */,
			);
			name = LaunchScreen.xib;
			sourceTree = "<group>";
		};
/* End PBXVariantGroup section */

/* Begin XCBuildConfiguration section */
		E9C02DD41B8F1B1F0020AE04 /* Debug */ = {
			isa = XCBuildConfiguration;
			buildSettings = {
				ALWAYS_SEARCH_USER_PATHS = NO;
				CLANG_CXX_LANGUAGE_STANDARD = "gnu++0x";
				CLANG_CXX_LIBRARY = "libc++";
				CLANG_ENABLE_MODULES = YES;
				CLANG_ENABLE_OBJC_ARC = YES;
				CLANG_WARN_BOOL_CONVERSION = YES;
				CLANG_WARN_CONSTANT_CONVERSION = YES;
				CLANG_WARN_DIRECT_OBJC_ISA_USAGE = YES_ERROR;
				CLANG_WARN_EMPTY_BODY = YES;
				CLANG_WARN_ENUM_CONVERSION = YES;
				CLANG_WARN_INT_CONVERSION = YES;
				CLANG_WARN_OBJC_ROOT_CLASS = YES_ERROR;
				CLANG_WARN_UNREACHABLE_CODE = YES;
				CLANG_WARN__DUPLICATE_METHOD_MATCH = YES;
				CODE_SIGN_IDENTITY = "iPhone Developer";
				"CODE_SIGN_IDENTITY[sdk=iphoneos*]" = "iPhone Developer";
				COPY_PHASE_STRIP = NO;
				DEBUG_INFORMATION_FORMAT = "dwarf-with-dsym";
				ENABLE_STRICT_OBJC_MSGSEND = YES;
				GCC_C_LANGUAGE_STANDARD = gnu99;
				GCC_DYNAMIC_NO_PIC = NO;
				GCC_NO_COMMON_BLOCKS = YES;
				GCC_OPTIMIZATION_LEVEL = 0;
				GCC_PREPROCESSOR_DEFINITIONS = (
					"DEBUG=1",
					"$(inherited)",
				);
				GCC_SYMBOLS_PRIVATE_EXTERN = NO;
				GCC_WARN_64_TO_32_BIT_CONVERSION = YES;
				GCC_WARN_ABOUT_RETURN_TYPE = YES_ERROR;
				GCC_WARN_UNDECLARED_SELECTOR = YES;
				GCC_WARN_UNINITIALIZED_AUTOS = YES_AGGRESSIVE;
				GCC_WARN_UNUSED_FUNCTION = YES;
				GCC_WARN_UNUSED_VARIABLE = YES;
				IPHONEOS_DEPLOYMENT_TARGET = 7.0;
				MTL_ENABLE_DEBUG_INFO = YES;
				ONLY_ACTIVE_ARCH = YES;
				PROVISIONING_PROFILE = "";
				SDKROOT = iphoneos;
				TARGETED_DEVICE_FAMILY = "1,2";
			};
			name = Debug;
		};
		E9C02DD51B8F1B1F0020AE04 /* Release */ = {
			isa = XCBuildConfiguration;
			buildSettings = {
				ALWAYS_SEARCH_USER_PATHS = NO;
				CLANG_CXX_LANGUAGE_STANDARD = "gnu++0x";
				CLANG_CXX_LIBRARY = "libc++";
				CLANG_ENABLE_MODULES = YES;
				CLANG_ENABLE_OBJC_ARC = YES;
				CLANG_WARN_BOOL_CONVERSION = YES;
				CLANG_WARN_CONSTANT_CONVERSION = YES;
				CLANG_WARN_DIRECT_OBJC_ISA_USAGE = YES_ERROR;
				CLANG_WARN_EMPTY_BODY = YES;
				CLANG_WARN_ENUM_CONVERSION = YES;
				CLANG_WARN_INT_CONVERSION = YES;
				CLANG_WARN_OBJC_ROOT_CLASS = YES_ERROR;
				CLANG_WARN_UNREACHABLE_CODE = YES;
				CLANG_WARN__DUPLICATE_METHOD_MATCH = YES;
				CODE_SIGN_IDENTITY = "iPhone Distribution";
				"CODE_SIGN_IDENTITY[sdk=iphoneos*]" = "iPhone Distribution";
				COPY_PHASE_STRIP = NO;
				DEBUG_INFORMATION_FORMAT = "dwarf-with-dsym";
				ENABLE_NS_ASSERTIONS = NO;
				ENABLE_STRICT_OBJC_MSGSEND = YES;
				GCC_C_LANGUAGE_STANDARD = gnu99;
				GCC_NO_COMMON_BLOCKS = YES;
				GCC_WARN_64_TO_32_BIT_CONVERSION = YES;
				GCC_WARN_ABOUT_RETURN_TYPE = YES_ERROR;
				GCC_WARN_UNDECLARED_SELECTOR = YES;
				GCC_WARN_UNINITIALIZED_AUTOS = YES_AGGRESSIVE;
				GCC_WARN_UNUSED_FUNCTION = YES;
				GCC_WARN_UNUSED_VARIABLE = YES;
				IPHONEOS_DEPLOYMENT_TARGET = 7.0;
				MTL_ENABLE_DEBUG_INFO = NO;
				PROVISIONING_PROFILE = "";
				SDKROOT = iphoneos;
				TARGETED_DEVICE_FAMILY = "1,2";
				VALIDATE_PRODUCT = YES;
			};
			name = Release;
		};
		E9C02DD71B8F1B1F0020AE04 /* Debug */ = {
			isa = XCBuildConfiguration;
			buildSettings = {
				ASSETCATALOG_COMPILER_APPICON_NAME = AppIcon;
				CODE_SIGN_IDENTITY = "iPhone Developer";
				"CODE_SIGN_IDENTITY[sdk=iphoneos*]" = "iPhone Developer";
				DEVELOPMENT_TEAM = CFP9KY4MGC;
				ENABLE_BITCODE = YES;
				FRAMEWORK_SEARCH_PATHS = (
					"$(inherited)",
					"$(PROJECT_DIR)/../lib/Player",
					"$(PROJECT_DIR)",
				);
				INFOPLIST_FILE = UCloudDemo/Info.plist;
				IPHONEOS_DEPLOYMENT_TARGET = 7.0;
				LD_RUNPATH_SEARCH_PATHS = "$(inherited) @executable_path/Frameworks";
				LIBRARY_SEARCH_PATHS = (
					"$(inherited)",
					"$(PROJECT_DIR)/../UCloudDemo",
					"$(PROJECT_DIR)/../lib/Player",
				);
				OTHER_LDFLAGS = "-ObjC";
				PRODUCT_BUNDLE_IDENTIFIER = cn.ucloud.umplayer;
				PRODUCT_NAME = "$(TARGET_NAME)";
				PROVISIONING_PROFILE = "";
			};
			name = Debug;
		};
		E9C02DD81B8F1B1F0020AE04 /* Release */ = {
			isa = XCBuildConfiguration;
			buildSettings = {
				ASSETCATALOG_COMPILER_APPICON_NAME = AppIcon;
				CODE_SIGN_IDENTITY = "iPhone Distribution";
				"CODE_SIGN_IDENTITY[sdk=iphoneos*]" = "iPhone Distribution";
				DEVELOPMENT_TEAM = CFP9KY4MGC;
				ENABLE_BITCODE = YES;
				FRAMEWORK_SEARCH_PATHS = (
					"$(inherited)",
					"$(PROJECT_DIR)/../lib/Player",
					"$(PROJECT_DIR)",
				);
				INFOPLIST_FILE = UCloudDemo/Info.plist;
				IPHONEOS_DEPLOYMENT_TARGET = 7.0;
				LD_RUNPATH_SEARCH_PATHS = "$(inherited) @executable_path/Frameworks";
				LIBRARY_SEARCH_PATHS = (
					"$(inherited)",
					"$(PROJECT_DIR)/../UCloudDemo",
					"$(PROJECT_DIR)/../lib/Player",
				);
				OTHER_LDFLAGS = "-ObjC";
				PRODUCT_BUNDLE_IDENTIFIER = cn.ucloud.umplayer;
				PRODUCT_NAME = "$(TARGET_NAME)";
				PROVISIONING_PROFILE = "";
			};
			name = Release;
		};
/* End XCBuildConfiguration section */

/* Begin XCConfigurationList section */
		E9C02DAE1B8F1B1F0020AE04 /* Build configuration list for PBXProject "UCloudDemo" */ = {
			isa = XCConfigurationList;
			buildConfigurations = (
				E9C02DD41B8F1B1F0020AE04 /* Debug */,
				E9C02DD51B8F1B1F0020AE04 /* Release */,
			);
			defaultConfigurationIsVisible = 0;
			defaultConfigurationName = Release;
		};
		E9C02DD61B8F1B1F0020AE04 /* Build configuration list for PBXNativeTarget "UCloudDemo" */ = {
			isa = XCConfigurationList;
			buildConfigurations = (
				E9C02DD71B8F1B1F0020AE04 /* Debug */,
				E9C02DD81B8F1B1F0020AE04 /* Release */,
			);
			defaultConfigurationIsVisible = 0;
			defaultConfigurationName = Release;
		};
/* End XCConfigurationList section */
	};
	rootObject = E9C02DAB1B8F1B1F0020AE04 /* Project object */;
}
